
Microsoft Visual Studio Solution File, Format Version 12.00
# Visual Studio Version 17
VisualStudioVersion = 17.4.33103.184
MinimumVisualStudioVersion = 10.0.40219.1
Project("{11A8DD76-328B-46DF-9F39-F559912D0360}") = "McuRP2040", "Library\McuRP2040\McuRP2040.nfproj", "{45B82943-E374-4F84-9C8E-045BFD525AA3}"
EndProject
Project("{11A8DD76-328B-46DF-9F39-F559912D0360}") = "DeviceIO", "DeviceIO\DeviceIO.nfproj", "{591DC939-321C-405D-B91E-D14B6427AE17}"
EndProject
Project("{11A8DD76-328B-46DF-9F39-F559912D0360}") = "I2CTest", "I2CTest\I2CTest.nfproj", "{50C26140-0AD4-439C-B771-21911B038A69}"
EndProject
Project("{2150E333-8FDC-42A3-9474-1A3956D46DE8}") = "WPF", "WPF", "{8E31090B-A4B7-4BA4-8FFA-48D381432811}"
EndProject
Project("{2150E333-8FDC-42A3-9474-1A3956D46DE8}") = "Core", "Core", "{D14750ED-4AFD-4BE3-9919-1BA5D2D5E13F}"
EndProject
Project("{11A8DD76-328B-46DF-9F39-F559912D0360}") = "nanoFramework.Graphics", "..\nanoFramework.Graphics\nanoFramework.Graphics\nanoFramework.Graphics.nfproj", "{CDDFD271-0136-4792-8D89-EE47998D4C5D}"
EndProject
Project("{11A8DD76-328B-46DF-9F39-F559912D0360}") = "nanoFramework.Graphics.Core", "..\nanoFramework.Graphics\nanoFramework.Graphics.Core\nanoFramework.Graphics.Core.nfproj", "{67CD2B6C-E71A-4A98-9C7C-B88109ABE158}"
EndProject
Project("{11A8DD76-328B-46DF-9F39-F559912D0360}") = "nanoFramework.Runtime.Events", "..\..\nanoframework\nanoFramework.Runtime.Events\nanoFramework.Runtime.Events\nanoFramework.Runtime.Events.nfproj", "{0ABBD655-2F68-4F7D-A66F-A552EA812EB1}"
EndProject
Project("{11A8DD76-328B-46DF-9F39-F559912D0360}") = "TouchExample1", "TouchExample1\TouchExample1.nfproj", "{BBF66846-90F8-43FE-9B2E-1AC3F25A7D13}"
EndProject
Project("{11A8DD76-328B-46DF-9F39-F559912D0360}") = "TouchExample2", "TouchExample2\TouchExample2.nfproj", "{393CC45B-2C68-43EE-8CB6-6EB54A6BC1E3}"
EndProject
Project("{11A8DD76-328B-46DF-9F39-F559912D0360}") = "System.Device.Gpio", "..\System.Device.Gpio\System.Device.Gpio\System.Device.Gpio.nfproj", "{80B5C789-F9FC-43BF-9595-E8855AF83219}"
EndProject
Project("{2150E333-8FDC-42A3-9474-1A3956D46DE8}") = "Gpio", "Gpio", "{6D89868D-F2A3-4A46-8989-E4AE08CBB5CC}"
EndProject
Project("{2150E333-8FDC-42A3-9474-1A3956D46DE8}") = "Graphics", "Graphics", "{AEDEAC81-BF1F-4932-9C0E-A1AEAE2E9F0F}"
EndProject
Project("{11A8DD76-328B-46DF-9F39-F559912D0360}") = "BouncingBalls", "Graphics\BouncingBalls\BouncingBalls.nfproj", "{238E7245-5C22-4042-AD4A-ED4C9E1531EE}"
EndProject
Project("{11A8DD76-328B-46DF-9F39-F559912D0360}") = "nf_Fonts", "Graphics\Fonts\nf_Fonts.nfproj", "{ED611745-A96E-41E0-ACEB-CD5CA23288C2}"
EndProject
Project("{11A8DD76-328B-46DF-9F39-F559912D0360}") = "nf_Image", "Graphics\Image\nf_Image.nfproj", "{15E427A6-7872-44C2-8EBB-0A99FBBCB99B}"
EndProject
Project("{11A8DD76-328B-46DF-9F39-F559912D0360}") = "nf_LineDrawing", "Graphics\LineDrawing\nf_LineDrawing.nfproj", "{93D17B89-BE19-4C19-BB99-BBB968984FA8}"
EndProject
Project("{11A8DD76-328B-46DF-9F39-F559912D0360}") = "nf_Mandelbrot", "Graphics\Mandelbot\nf_Mandelbrot.nfproj", "{06C9DD04-908D-421E-B37D-F31091A24C61}"
EndProject
Project("{11A8DD76-328B-46DF-9F39-F559912D0360}") = "nf_MatrixRain", "Graphics\MatrixRain\nf_MatrixRain.nfproj", "{EFA68C13-A7FE-48ED-A1C5-36A5FC94F62A}"
EndProject
Project("{11A8DD76-328B-46DF-9F39-F559912D0360}") = "nf_RotateImage", "Graphics\RotateImage\nf_RotateImage.nfproj", "{7F7A4B7F-B400-4F2C-830D-AF7742F76F8B}"
EndProject
Project("{11A8DD76-328B-46DF-9F39-F559912D0360}") = "nf_Shapes", "Graphics\Shapes\nf_Shapes.nfproj", "{A2D9A826-6B3D-4532-A99D-214B3D5EB23E}"
EndProject
Project("{11A8DD76-328B-46DF-9F39-F559912D0360}") = "Puzzle", "WPF\Puzzle\Puzzle.nfproj", "{AA3DD3C3-8B3B-4399-BF31-1E1DB98A7863}"
EndProject
Project("{11A8DD76-328B-46DF-9F39-F559912D0360}") = "nf_simpleTouchDisplay", "WPF\nf_simpleTouchDisplay\nf_simpleTouchDisplay.nfproj", "{27858F6C-38AE-4D28-96FB-8F8C6B3249AC}"
EndProject
Project("{11A8DD76-328B-46DF-9F39-F559912D0360}") = "nf_SimpleNPF", "WPF\SimpleNPF\nf_SimpleNPF.nfproj", "{44D9E987-3BB9-4EB2-B189-BFAF7C4257F9}"
EndProject
Project("{11A8DD76-328B-46DF-9F39-F559912D0360}") = "GraphicsPrimitivesTest", "Graphics\GraphicsPrimitivesTest\GraphicsPrimitivesTest.nfproj", "{ED435104-F387-4B73-B425-A559C901398E}"
EndProject
Project("{11A8DD76-328B-46DF-9F39-F559912D0360}") = "Polygons", "Graphics\Polygons\Polygons.nfproj", "{3A0D5C1B-4DFA-405A-8936-936B51AB1917}"
EndProject
Project("{11A8DD76-328B-46DF-9F39-F559912D0360}") = "DeviceIOTest", "Gpio\DeviceIOTest\DeviceIOTest.nfproj", "{A23DBB41-6550-4801-BABD-72CF57827C9C}"
EndProject
Project("{11A8DD76-328B-46DF-9F39-F559912D0360}") = "GPIOTest", "Gpio\GPIOTest\GPIOTest.nfproj", "{890585FD-CCDC-49E4-BC69-F3BF26A0596A}"
EndProject
Project("{11A8DD76-328B-46DF-9F39-F559912D0360}") = "RasberryPiPico", "Gpio\RasberryPiPico\RasberryPiPico.nfproj", "{F6074749-7D9A-416C-95E7-45DFB3ABD5B4}"
EndProject
Global
	GlobalSection(SolutionConfigurationPlatforms) = preSolution
		Debug|Any CPU = Debug|Any CPU
		Release|Any CPU = Release|Any CPU
	EndGlobalSection
	GlobalSection(ProjectConfigurationPlatforms) = postSolution
		{45B82943-E374-4F84-9C8E-045BFD525AA3}.Debug|Any CPU.ActiveCfg = Debug|Any CPU
		{45B82943-E374-4F84-9C8E-045BFD525AA3}.Release|Any CPU.ActiveCfg = Release|Any CPU
		{45B82943-E374-4F84-9C8E-045BFD525AA3}.Release|Any CPU.Build.0 = Release|Any CPU
		{45B82943-E374-4F84-9C8E-045BFD525AA3}.Release|Any CPU.Deploy.0 = Release|Any CPU
		{591DC939-321C-405D-B91E-D14B6427AE17}.Debug|Any CPU.ActiveCfg = Debug|Any CPU
		{591DC939-321C-405D-B91E-D14B6427AE17}.Release|Any CPU.ActiveCfg = Release|Any CPU
		{591DC939-321C-405D-B91E-D14B6427AE17}.Release|Any CPU.Build.0 = Release|Any CPU
		{591DC939-321C-405D-B91E-D14B6427AE17}.Release|Any CPU.Deploy.0 = Release|Any CPU
		{50C26140-0AD4-439C-B771-21911B038A69}.Debug|Any CPU.ActiveCfg = Debug|Any CPU
		{50C26140-0AD4-439C-B771-21911B038A69}.Release|Any CPU.ActiveCfg = Release|Any CPU
		{50C26140-0AD4-439C-B771-21911B038A69}.Release|Any CPU.Build.0 = Release|Any CPU
		{50C26140-0AD4-439C-B771-21911B038A69}.Release|Any CPU.Deploy.0 = Release|Any CPU
		{CDDFD271-0136-4792-8D89-EE47998D4C5D}.Debug|Any CPU.ActiveCfg = Debug|Any CPU
		{CDDFD271-0136-4792-8D89-EE47998D4C5D}.Release|Any CPU.ActiveCfg = Release|Any CPU
		{CDDFD271-0136-4792-8D89-EE47998D4C5D}.Release|Any CPU.Build.0 = Release|Any CPU
		{CDDFD271-0136-4792-8D89-EE47998D4C5D}.Release|Any CPU.Deploy.0 = Release|Any CPU
		{67CD2B6C-E71A-4A98-9C7C-B88109ABE158}.Debug|Any CPU.ActiveCfg = Debug|Any CPU
		{67CD2B6C-E71A-4A98-9C7C-B88109ABE158}.Release|Any CPU.ActiveCfg = Release|Any CPU
		{67CD2B6C-E71A-4A98-9C7C-B88109ABE158}.Release|Any CPU.Build.0 = Release|Any CPU
		{67CD2B6C-E71A-4A98-9C7C-B88109ABE158}.Release|Any CPU.Deploy.0 = Release|Any CPU
		{0ABBD655-2F68-4F7D-A66F-A552EA812EB1}.Debug|Any CPU.ActiveCfg = Debug|Any CPU
		{0ABBD655-2F68-4F7D-A66F-A552EA812EB1}.Release|Any CPU.ActiveCfg = Release|Any CPU
		{0ABBD655-2F68-4F7D-A66F-A552EA812EB1}.Release|Any CPU.Build.0 = Release|Any CPU
		{0ABBD655-2F68-4F7D-A66F-A552EA812EB1}.Release|Any CPU.Deploy.0 = Release|Any CPU
		{BBF66846-90F8-43FE-9B2E-1AC3F25A7D13}.Debug|Any CPU.ActiveCfg = Debug|Any CPU
		{BBF66846-90F8-43FE-9B2E-1AC3F25A7D13}.Release|Any CPU.ActiveCfg = Release|Any CPU
		{BBF66846-90F8-43FE-9B2E-1AC3F25A7D13}.Release|Any CPU.Build.0 = Release|Any CPU
		{BBF66846-90F8-43FE-9B2E-1AC3F25A7D13}.Release|Any CPU.Deploy.0 = Release|Any CPU
		{393CC45B-2C68-43EE-8CB6-6EB54A6BC1E3}.Debug|Any CPU.ActiveCfg = Debug|Any CPU
		{393CC45B-2C68-43EE-8CB6-6EB54A6BC1E3}.Release|Any CPU.ActiveCfg = Release|Any CPU
		{393CC45B-2C68-43EE-8CB6-6EB54A6BC1E3}.Release|Any CPU.Build.0 = Release|Any CPU
		{393CC45B-2C68-43EE-8CB6-6EB54A6BC1E3}.Release|Any CPU.Deploy.0 = Release|Any CPU
		{80B5C789-F9FC-43BF-9595-E8855AF83219}.Debug|Any CPU.ActiveCfg = Debug|Any CPU
		{80B5C789-F9FC-43BF-9595-E8855AF83219}.Release|Any CPU.ActiveCfg = Release|Any CPU
		{80B5C789-F9FC-43BF-9595-E8855AF83219}.Release|Any CPU.Build.0 = Release|Any CPU
		{80B5C789-F9FC-43BF-9595-E8855AF83219}.Release|Any CPU.Deploy.0 = Release|Any CPU
		{238E7245-5C22-4042-AD4A-ED4C9E1531EE}.Debug|Any CPU.ActiveCfg = Debug|Any CPU
		{238E7245-5C22-4042-AD4A-ED4C9E1531EE}.Release|Any CPU.ActiveCfg = Release|Any CPU
		{238E7245-5C22-4042-AD4A-ED4C9E1531EE}.Release|Any CPU.Build.0 = Release|Any CPU
		{238E7245-5C22-4042-AD4A-ED4C9E1531EE}.Release|Any CPU.Deploy.0 = Release|Any CPU
		{ED611745-A96E-41E0-ACEB-CD5CA23288C2}.Debug|Any CPU.ActiveCfg = Debug|Any CPU
		{ED611745-A96E-41E0-ACEB-CD5CA23288C2}.Debug|Any CPU.Build.0 = Debug|Any CPU
		{ED611745-A96E-41E0-ACEB-CD5CA23288C2}.Debug|Any CPU.Deploy.0 = Debug|Any CPU
		{ED611745-A96E-41E0-ACEB-CD5CA23288C2}.Release|Any CPU.ActiveCfg = Release|Any CPU
		{ED611745-A96E-41E0-ACEB-CD5CA23288C2}.Release|Any CPU.Build.0 = Release|Any CPU
		{ED611745-A96E-41E0-ACEB-CD5CA23288C2}.Release|Any CPU.Deploy.0 = Release|Any CPU
		{15E427A6-7872-44C2-8EBB-0A99FBBCB99B}.Debug|Any CPU.ActiveCfg = Debug|Any CPU
		{15E427A6-7872-44C2-8EBB-0A99FBBCB99B}.Release|Any CPU.ActiveCfg = Release|Any CPU
		{15E427A6-7872-44C2-8EBB-0A99FBBCB99B}.Release|Any CPU.Build.0 = Release|Any CPU
		{15E427A6-7872-44C2-8EBB-0A99FBBCB99B}.Release|Any CPU.Deploy.0 = Release|Any CPU
		{93D17B89-BE19-4C19-BB99-BBB968984FA8}.Debug|Any CPU.ActiveCfg = Debug|Any CPU
		{93D17B89-BE19-4C19-BB99-BBB968984FA8}.Release|Any CPU.ActiveCfg = Release|Any CPU
		{93D17B89-BE19-4C19-BB99-BBB968984FA8}.Release|Any CPU.Build.0 = Release|Any CPU
		{93D17B89-BE19-4C19-BB99-BBB968984FA8}.Release|Any CPU.Deploy.0 = Release|Any CPU
		{06C9DD04-908D-421E-B37D-F31091A24C61}.Debug|Any CPU.ActiveCfg = Debug|Any CPU
		{06C9DD04-908D-421E-B37D-F31091A24C61}.Release|Any CPU.ActiveCfg = Release|Any CPU
		{06C9DD04-908D-421E-B37D-F31091A24C61}.Release|Any CPU.Build.0 = Release|Any CPU
		{06C9DD04-908D-421E-B37D-F31091A24C61}.Release|Any CPU.Deploy.0 = Release|Any CPU
		{EFA68C13-A7FE-48ED-A1C5-36A5FC94F62A}.Debug|Any CPU.ActiveCfg = Debug|Any CPU
		{EFA68C13-A7FE-48ED-A1C5-36A5FC94F62A}.Release|Any CPU.ActiveCfg = Release|Any CPU
		{EFA68C13-A7FE-48ED-A1C5-36A5FC94F62A}.Release|Any CPU.Build.0 = Release|Any CPU
		{EFA68C13-A7FE-48ED-A1C5-36A5FC94F62A}.Release|Any CPU.Deploy.0 = Release|Any CPU
		{7F7A4B7F-B400-4F2C-830D-AF7742F76F8B}.Debug|Any CPU.ActiveCfg = Debug|Any CPU
		{7F7A4B7F-B400-4F2C-830D-AF7742F76F8B}.Release|Any CPU.ActiveCfg = Release|Any CPU
		{7F7A4B7F-B400-4F2C-830D-AF7742F76F8B}.Release|Any CPU.Build.0 = Release|Any CPU
		{7F7A4B7F-B400-4F2C-830D-AF7742F76F8B}.Release|Any CPU.Deploy.0 = Release|Any CPU
		{A2D9A826-6B3D-4532-A99D-214B3D5EB23E}.Debug|Any CPU.ActiveCfg = Debug|Any CPU
		{A2D9A826-6B3D-4532-A99D-214B3D5EB23E}.Release|Any CPU.ActiveCfg = Release|Any CPU
		{A2D9A826-6B3D-4532-A99D-214B3D5EB23E}.Release|Any CPU.Build.0 = Release|Any CPU
		{A2D9A826-6B3D-4532-A99D-214B3D5EB23E}.Release|Any CPU.Deploy.0 = Release|Any CPU
		{AA3DD3C3-8B3B-4399-BF31-1E1DB98A7863}.Debug|Any CPU.ActiveCfg = Debug|Any CPU
		{AA3DD3C3-8B3B-4399-BF31-1E1DB98A7863}.Release|Any CPU.ActiveCfg = Release|Any CPU
		{AA3DD3C3-8B3B-4399-BF31-1E1DB98A7863}.Release|Any CPU.Build.0 = Release|Any CPU
		{AA3DD3C3-8B3B-4399-BF31-1E1DB98A7863}.Release|Any CPU.Deploy.0 = Release|Any CPU
		{27858F6C-38AE-4D28-96FB-8F8C6B3249AC}.Debug|Any CPU.ActiveCfg = Debug|Any CPU
		{27858F6C-38AE-4D28-96FB-8F8C6B3249AC}.Release|Any CPU.ActiveCfg = Release|Any CPU
		{27858F6C-38AE-4D28-96FB-8F8C6B3249AC}.Release|Any CPU.Build.0 = Release|Any CPU
		{27858F6C-38AE-4D28-96FB-8F8C6B3249AC}.Release|Any CPU.Deploy.0 = Release|Any CPU
		{44D9E987-3BB9-4EB2-B189-BFAF7C4257F9}.Debug|Any CPU.ActiveCfg = Debug|Any CPU
		{44D9E987-3BB9-4EB2-B189-BFAF7C4257F9}.Release|Any CPU.ActiveCfg = Release|Any CPU
		{44D9E987-3BB9-4EB2-B189-BFAF7C4257F9}.Release|Any CPU.Build.0 = Release|Any CPU
		{44D9E987-3BB9-4EB2-B189-BFAF7C4257F9}.Release|Any CPU.Deploy.0 = Release|Any CPU
		{ED435104-F387-4B73-B425-A559C901398E}.Debug|Any CPU.ActiveCfg = Debug|Any CPU
		{ED435104-F387-4B73-B425-A559C901398E}.Release|Any CPU.ActiveCfg = Release|Any CPU
		{ED435104-F387-4B73-B425-A559C901398E}.Release|Any CPU.Build.0 = Release|Any CPU
		{ED435104-F387-4B73-B425-A559C901398E}.Release|Any CPU.Deploy.0 = Release|Any CPU
		{3A0D5C1B-4DFA-405A-8936-936B51AB1917}.Debug|Any CPU.ActiveCfg = Debug|Any CPU
		{3A0D5C1B-4DFA-405A-8936-936B51AB1917}.Release|Any CPU.ActiveCfg = Release|Any CPU
		{3A0D5C1B-4DFA-405A-8936-936B51AB1917}.Release|Any CPU.Build.0 = Release|Any CPU
		{3A0D5C1B-4DFA-405A-8936-936B51AB1917}.Release|Any CPU.Deploy.0 = Release|Any CPU
		{A23DBB41-6550-4801-BABD-72CF57827C9C}.Debug|Any CPU.ActiveCfg = Debug|Any CPU
		{A23DBB41-6550-4801-BABD-72CF57827C9C}.Debug|Any CPU.Build.0 = Debug|Any CPU
		{A23DBB41-6550-4801-BABD-72CF57827C9C}.Debug|Any CPU.Deploy.0 = Debug|Any CPU
		{A23DBB41-6550-4801-BABD-72CF57827C9C}.Release|Any CPU.ActiveCfg = Release|Any CPU
		{A23DBB41-6550-4801-BABD-72CF57827C9C}.Release|Any CPU.Build.0 = Release|Any CPU
		{A23DBB41-6550-4801-BABD-72CF57827C9C}.Release|Any CPU.Deploy.0 = Release|Any CPU
		{890585FD-CCDC-49E4-BC69-F3BF26A0596A}.Debug|Any CPU.ActiveCfg = Debug|Any CPU
		{890585FD-CCDC-49E4-BC69-F3BF26A0596A}.Debug|Any CPU.Build.0 = Debug|Any CPU
		{890585FD-CCDC-49E4-BC69-F3BF26A0596A}.Debug|Any CPU.Deploy.0 = Debug|Any CPU
		{890585FD-CCDC-49E4-BC69-F3BF26A0596A}.Release|Any CPU.ActiveCfg = Release|Any CPU
		{890585FD-CCDC-49E4-BC69-F3BF26A0596A}.Release|Any CPU.Build.0 = Release|Any CPU
		{890585FD-CCDC-49E4-BC69-F3BF26A0596A}.Release|Any CPU.Deploy.0 = Release|Any CPU
		{F6074749-7D9A-416C-95E7-45DFB3ABD5B4}.Debug|Any CPU.ActiveCfg = Debug|Any CPU
		{F6074749-7D9A-416C-95E7-45DFB3ABD5B4}.Debug|Any CPU.Build.0 = Debug|Any CPU
		{F6074749-7D9A-416C-95E7-45DFB3ABD5B4}.Debug|Any CPU.Deploy.0 = Debug|Any CPU
		{F6074749-7D9A-416C-95E7-45DFB3ABD5B4}.Release|Any CPU.ActiveCfg = Release|Any CPU
		{F6074749-7D9A-416C-95E7-45DFB3ABD5B4}.Release|Any CPU.Build.0 = Release|Any CPU
		{F6074749-7D9A-416C-95E7-45DFB3ABD5B4}.Release|Any CPU.Deploy.0 = Release|Any CPU
	EndGlobalSection
	GlobalSection(SolutionProperties) = preSolution
		HideSolutionNode = FALSE
	EndGlobalSection
	GlobalSection(NestedProjects) = preSolution
		{CDDFD271-0136-4792-8D89-EE47998D4C5D} = {D14750ED-4AFD-4BE3-9919-1BA5D2D5E13F}
		{67CD2B6C-E71A-4A98-9C7C-B88109ABE158} = {D14750ED-4AFD-4BE3-9919-1BA5D2D5E13F}
		{0ABBD655-2F68-4F7D-A66F-A552EA812EB1} = {D14750ED-4AFD-4BE3-9919-1BA5D2D5E13F}
		{BBF66846-90F8-43FE-9B2E-1AC3F25A7D13} = {8E31090B-A4B7-4BA4-8FFA-48D381432811}
		{80B5C789-F9FC-43BF-9595-E8855AF83219} = {D14750ED-4AFD-4BE3-9919-1BA5D2D5E13F}
		{238E7245-5C22-4042-AD4A-ED4C9E1531EE} = {AEDEAC81-BF1F-4932-9C0E-A1AEAE2E9F0F}
		{ED611745-A96E-41E0-ACEB-CD5CA23288C2} = {AEDEAC81-BF1F-4932-9C0E-A1AEAE2E9F0F}
		{15E427A6-7872-44C2-8EBB-0A99FBBCB99B} = {AEDEAC81-BF1F-4932-9C0E-A1AEAE2E9F0F}
		{93D17B89-BE19-4C19-BB99-BBB968984FA8} = {AEDEAC81-BF1F-4932-9C0E-A1AEAE2E9F0F}
		{06C9DD04-908D-421E-B37D-F31091A24C61} = {AEDEAC81-BF1F-4932-9C0E-A1AEAE2E9F0F}
		{EFA68C13-A7FE-48ED-A1C5-36A5FC94F62A} = {AEDEAC81-BF1F-4932-9C0E-A1AEAE2E9F0F}
		{7F7A4B7F-B400-4F2C-830D-AF7742F76F8B} = {AEDEAC81-BF1F-4932-9C0E-A1AEAE2E9F0F}
		{A2D9A826-6B3D-4532-A99D-214B3D5EB23E} = {AEDEAC81-BF1F-4932-9C0E-A1AEAE2E9F0F}
		{AA3DD3C3-8B3B-4399-BF31-1E1DB98A7863} = {8E31090B-A4B7-4BA4-8FFA-48D381432811}
		{27858F6C-38AE-4D28-96FB-8F8C6B3249AC} = {8E31090B-A4B7-4BA4-8FFA-48D381432811}
		{44D9E987-3BB9-4EB2-B189-BFAF7C4257F9} = {8E31090B-A4B7-4BA4-8FFA-48D381432811}
		{ED435104-F387-4B73-B425-A559C901398E} = {AEDEAC81-BF1F-4932-9C0E-A1AEAE2E9F0F}
		{3A0D5C1B-4DFA-405A-8936-936B51AB1917} = {AEDEAC81-BF1F-4932-9C0E-A1AEAE2E9F0F}
		{A23DBB41-6550-4801-BABD-72CF57827C9C} = {6D89868D-F2A3-4A46-8989-E4AE08CBB5CC}
		{890585FD-CCDC-49E4-BC69-F3BF26A0596A} = {6D89868D-F2A3-4A46-8989-E4AE08CBB5CC}
		{F6074749-7D9A-416C-95E7-45DFB3ABD5B4} = {6D89868D-F2A3-4A46-8989-E4AE08CBB5CC}
	EndGlobalSection
	GlobalSection(ExtensibilityGlobals) = postSolution
		SolutionGuid = {17DA9645-7269-4FD4-8AF3-9C8F534FEFFF}
	EndGlobalSection
EndGlobal
