
Microsoft Visual Studio Solution File, Format Version 12.00
# Visual Studio Version 17
VisualStudioVersion = 17.4.33103.184
MinimumVisualStudioVersion = 10.0.40219.1
Project("{11A8DD76-328B-46DF-9F39-F559912D0360}") = "McuRP2040", "Library\McuRP2040\McuRP2040.nfproj", "{45B82943-E374-4F84-9C8E-045BFD525AA3}"
EndProject
Project("{11A8DD76-328B-46DF-9F39-F559912D0360}") = "BouncingBalls", "BouncingBalls\BouncingBalls.nfproj", "{FB0EB5C0-E37D-47CF-95B6-9202DAAD3DE8}"
EndProject
Project("{11A8DD76-328B-46DF-9F39-F559912D0360}") = "DeviceIO", "DeviceIO\DeviceIO.nfproj", "{591DC939-321C-405D-B91E-D14B6427AE17}"
EndProject
Project("{11A8DD76-328B-46DF-9F39-F559912D0360}") = "DeviceIOTest", "DeviceIOTest\DeviceIOTest.nfproj", "{247D9BA0-DC91-4CE1-9638-088B7279D729}"
EndProject
Project("{11A8DD76-328B-46DF-9F39-F559912D0360}") = "NFApp2", "NFApp2\NFApp2.nfproj", "{E5914712-8290-45B0-B228-D4AF1ABAB08F}"
EndProject
Project("{11A8DD76-328B-46DF-9F39-F559912D0360}") = "GraphicsPrimitivesTest", "GraphicsPrimitivesTest\GraphicsPrimitivesTest.nfproj", "{EFEA25CD-2B70-4E0B-80A1-F7416E7B67D8}"
EndProject
Project("{11A8DD76-328B-46DF-9F39-F559912D0360}") = "nf_MatrixRain", "MatrixRain\nf_MatrixRain.nfproj", "{EFA68C13-A7FE-48ED-A1C5-36A5FC94F62A}"
EndProject
Project("{11A8DD76-328B-46DF-9F39-F559912D0360}") = "nf_RotateImage", "RotateImage\nf_RotateImage.nfproj", "{7F7A4B7F-B400-4F2C-830D-AF7742F76F8B}"
EndProject
Project("{11A8DD76-328B-46DF-9F39-F559912D0360}") = "nf_LineDrawing", "LineDrawing\nf_LineDrawing.nfproj", "{93D17B89-BE19-4C19-BB99-BBB968984FA8}"
EndProject
Project("{11A8DD76-328B-46DF-9F39-F559912D0360}") = "nf_Shapes", "Shapes\nf_Shapes.nfproj", "{A2D9A826-6B3D-4532-A99D-214B3D5EB23E}"
EndProject
Project("{11A8DD76-328B-46DF-9F39-F559912D0360}") = "nf_Fonts", "Fonts\nf_Fonts.nfproj", "{ED611745-A96E-41E0-ACEB-CD5CA23288C2}"
EndProject
Project("{11A8DD76-328B-46DF-9F39-F559912D0360}") = "nf_Image", "Image\nf_Image.nfproj", "{15E427A6-7872-44C2-8EBB-0A99FBBCB99B}"
EndProject
Project("{11A8DD76-328B-46DF-9F39-F559912D0360}") = "nf_Mandelbrot", "Mandelbot\nf_Mandelbrot.nfproj", "{06C9DD04-908D-421E-B37D-F31091A24C61}"
EndProject
Project("{11A8DD76-328B-46DF-9F39-F559912D0360}") = "nf_SimpleNPF", "SimpleNPF\nf_SimpleNPF.nfproj", "{44D9E987-3BB9-4EB2-B189-BFAF7C4257F9}"
EndProject
Project("{11A8DD76-328B-46DF-9F39-F559912D0360}") = "GPIOTest", "GPIOTest\GPIOTest.nfproj", "{66BF435C-F0BB-41BB-945C-12EE74F38269}"
EndProject
Project("{11A8DD76-328B-46DF-9F39-F559912D0360}") = "I2CTest", "I2CTest\I2CTest.nfproj", "{50C26140-0AD4-439C-B771-21911B038A69}"
EndProject
Project("{2150E333-8FDC-42A3-9474-1A3956D46DE8}") = "WPF", "WPF", "{8E31090B-A4B7-4BA4-8FFA-48D381432811}"
EndProject
Project("{11A8DD76-328B-46DF-9F39-F559912D0360}") = "Puzzle", "Puzzle\Puzzle.nfproj", "{AA3DD3C3-8B3B-4399-BF31-1E1DB98A7863}"
EndProject
Project("{11A8DD76-328B-46DF-9F39-F559912D0360}") = "Aquarium", "Aquarium\Aquarium.nfproj", "{C69EE820-85E3-4198-BF3D-6A5E07D59304}"
EndProject
Project("{11A8DD76-328B-46DF-9F39-F559912D0360}") = "nf_TimerTests", "nf_TimerTests\nf_TimerTests.nfproj", "{93ADC6D4-5FD3-42FF-A514-16AD79FF2490}"
EndProject
Project("{11A8DD76-328B-46DF-9F39-F559912D0360}") = "nf_simpleTouchDisplay", "nf_simpleTouchDisplay\nf_simpleTouchDisplay.nfproj", "{27858F6C-38AE-4D28-96FB-8F8C6B3249AC}"
EndProject
Project("{2150E333-8FDC-42A3-9474-1A3956D46DE8}") = "Core", "Core", "{D14750ED-4AFD-4BE3-9919-1BA5D2D5E13F}"
EndProject
Project("{11A8DD76-328B-46DF-9F39-F559912D0360}") = "nanoFramework.Graphics", "..\nanoFramework.Graphics\nanoFramework.Graphics\nanoFramework.Graphics.nfproj", "{CDDFD271-0136-4792-8D89-EE47998D4C5D}"
EndProject
Project("{11A8DD76-328B-46DF-9F39-F559912D0360}") = "nanoFramework.Graphics.Core", "..\nanoFramework.Graphics\nanoFramework.Graphics.Core\nanoFramework.Graphics.Core.nfproj", "{67CD2B6C-E71A-4A98-9C7C-B88109ABE158}"
EndProject
Project("{11A8DD76-328B-46DF-9F39-F559912D0360}") = "CoreLibrary", "..\..\nanoframework\CoreLibrary\nanoFramework.CoreLibrary\CoreLibrary.nfproj", "{BE7B95D5-087C-45F8-8197-4B438BEDFE11}"
EndProject
Project("{11A8DD76-328B-46DF-9F39-F559912D0360}") = "nanoFramework.Runtime.Events", "..\..\nanoframework\nanoFramework.Runtime.Events\nanoFramework.Runtime.Events\nanoFramework.Runtime.Events.nfproj", "{0ABBD655-2F68-4F7D-A66F-A552EA812EB1}"
EndProject
Project("{11A8DD76-328B-46DF-9F39-F559912D0360}") = "nanoFramework.ResourceManager", "..\..\nanoframework\nanoFramework.ResourceManager\nanoFramework.ResourceManager\nanoFramework.ResourceManager.nfproj", "{BA878982-F141-426F-8A8C-9033DCF5741D}"
EndProject
Project("{11A8DD76-328B-46DF-9F39-F559912D0360}") = "nanoFramework.Runtime.Native", "..\..\nanoframework\nanoFramework.Runtime.Native\nanoFramework.Runtime.Native\nanoFramework.Runtime.Native.nfproj", "{4C4AA37C-19D9-4C41-ADD0-BA83A0E593DA}"
EndProject
Project("{11A8DD76-328B-46DF-9F39-F559912D0360}") = "nanoFramework.System.Collections", "..\..\nanoframework\System.Collections\nanoFramework.System.Collections\nanoFramework.System.Collections.nfproj", "{ADEC287F-9989-40D3-A560-D918B90FFB03}"
EndProject
Project("{11A8DD76-328B-46DF-9F39-F559912D0360}") = "TestCode", "TestCode\TestCode.nfproj", "{F81E8742-76B7-484D-B8C0-1D145207100A}"
EndProject
Project("{11A8DD76-328B-46DF-9F39-F559912D0360}") = "TouchExample1", "TouchExample1\TouchExample1.nfproj", "{BBF66846-90F8-43FE-9B2E-1AC3F25A7D13}"
EndProject
Project("{11A8DD76-328B-46DF-9F39-F559912D0360}") = "TouchExample2", "TouchExample2\TouchExample2.nfproj", "{393CC45B-2C68-43EE-8CB6-6EB54A6BC1E3}"
EndProject
Global
	GlobalSection(SolutionConfigurationPlatforms) = preSolution
		Debug|Any CPU = Debug|Any CPU
		Release|Any CPU = Release|Any CPU
	EndGlobalSection
	GlobalSection(ProjectConfigurationPlatforms) = postSolution
		{45B82943-E374-4F84-9C8E-045BFD525AA3}.Debug|Any CPU.ActiveCfg = Debug|Any CPU
		{45B82943-E374-4F84-9C8E-045BFD525AA3}.Release|Any CPU.ActiveCfg = Release|Any CPU
		{45B82943-E374-4F84-9C8E-045BFD525AA3}.Release|Any CPU.Build.0 = Release|Any CPU
		{45B82943-E374-4F84-9C8E-045BFD525AA3}.Release|Any CPU.Deploy.0 = Release|Any CPU
		{FB0EB5C0-E37D-47CF-95B6-9202DAAD3DE8}.Debug|Any CPU.ActiveCfg = Debug|Any CPU
		{FB0EB5C0-E37D-47CF-95B6-9202DAAD3DE8}.Release|Any CPU.ActiveCfg = Release|Any CPU
		{FB0EB5C0-E37D-47CF-95B6-9202DAAD3DE8}.Release|Any CPU.Build.0 = Release|Any CPU
		{FB0EB5C0-E37D-47CF-95B6-9202DAAD3DE8}.Release|Any CPU.Deploy.0 = Release|Any CPU
		{591DC939-321C-405D-B91E-D14B6427AE17}.Debug|Any CPU.ActiveCfg = Debug|Any CPU
		{591DC939-321C-405D-B91E-D14B6427AE17}.Release|Any CPU.ActiveCfg = Release|Any CPU
		{591DC939-321C-405D-B91E-D14B6427AE17}.Release|Any CPU.Build.0 = Release|Any CPU
		{591DC939-321C-405D-B91E-D14B6427AE17}.Release|Any CPU.Deploy.0 = Release|Any CPU
		{247D9BA0-DC91-4CE1-9638-088B7279D729}.Debug|Any CPU.ActiveCfg = Debug|Any CPU
		{247D9BA0-DC91-4CE1-9638-088B7279D729}.Release|Any CPU.ActiveCfg = Release|Any CPU
		{247D9BA0-DC91-4CE1-9638-088B7279D729}.Release|Any CPU.Build.0 = Release|Any CPU
		{247D9BA0-DC91-4CE1-9638-088B7279D729}.Release|Any CPU.Deploy.0 = Release|Any CPU
		{E5914712-8290-45B0-B228-D4AF1ABAB08F}.Debug|Any CPU.ActiveCfg = Debug|Any CPU
		{E5914712-8290-45B0-B228-D4AF1ABAB08F}.Release|Any CPU.ActiveCfg = Release|Any CPU
		{E5914712-8290-45B0-B228-D4AF1ABAB08F}.Release|Any CPU.Build.0 = Release|Any CPU
		{E5914712-8290-45B0-B228-D4AF1ABAB08F}.Release|Any CPU.Deploy.0 = Release|Any CPU
		{EFEA25CD-2B70-4E0B-80A1-F7416E7B67D8}.Debug|Any CPU.ActiveCfg = Debug|Any CPU
		{EFEA25CD-2B70-4E0B-80A1-F7416E7B67D8}.Release|Any CPU.ActiveCfg = Release|Any CPU
		{EFEA25CD-2B70-4E0B-80A1-F7416E7B67D8}.Release|Any CPU.Build.0 = Release|Any CPU
		{EFEA25CD-2B70-4E0B-80A1-F7416E7B67D8}.Release|Any CPU.Deploy.0 = Release|Any CPU
		{EFA68C13-A7FE-48ED-A1C5-36A5FC94F62A}.Debug|Any CPU.ActiveCfg = Debug|Any CPU
		{EFA68C13-A7FE-48ED-A1C5-36A5FC94F62A}.Release|Any CPU.ActiveCfg = Release|Any CPU
		{EFA68C13-A7FE-48ED-A1C5-36A5FC94F62A}.Release|Any CPU.Build.0 = Release|Any CPU
		{EFA68C13-A7FE-48ED-A1C5-36A5FC94F62A}.Release|Any CPU.Deploy.0 = Release|Any CPU
		{7F7A4B7F-B400-4F2C-830D-AF7742F76F8B}.Debug|Any CPU.ActiveCfg = Debug|Any CPU
		{7F7A4B7F-B400-4F2C-830D-AF7742F76F8B}.Release|Any CPU.ActiveCfg = Release|Any CPU
		{7F7A4B7F-B400-4F2C-830D-AF7742F76F8B}.Release|Any CPU.Build.0 = Release|Any CPU
		{7F7A4B7F-B400-4F2C-830D-AF7742F76F8B}.Release|Any CPU.Deploy.0 = Release|Any CPU
		{93D17B89-BE19-4C19-BB99-BBB968984FA8}.Debug|Any CPU.ActiveCfg = Debug|Any CPU
		{93D17B89-BE19-4C19-BB99-BBB968984FA8}.Release|Any CPU.ActiveCfg = Release|Any CPU
		{93D17B89-BE19-4C19-BB99-BBB968984FA8}.Release|Any CPU.Build.0 = Release|Any CPU
		{93D17B89-BE19-4C19-BB99-BBB968984FA8}.Release|Any CPU.Deploy.0 = Release|Any CPU
		{A2D9A826-6B3D-4532-A99D-214B3D5EB23E}.Debug|Any CPU.ActiveCfg = Debug|Any CPU
		{A2D9A826-6B3D-4532-A99D-214B3D5EB23E}.Release|Any CPU.ActiveCfg = Release|Any CPU
		{A2D9A826-6B3D-4532-A99D-214B3D5EB23E}.Release|Any CPU.Build.0 = Release|Any CPU
		{A2D9A826-6B3D-4532-A99D-214B3D5EB23E}.Release|Any CPU.Deploy.0 = Release|Any CPU
		{ED611745-A96E-41E0-ACEB-CD5CA23288C2}.Debug|Any CPU.ActiveCfg = Debug|Any CPU
		{ED611745-A96E-41E0-ACEB-CD5CA23288C2}.Release|Any CPU.ActiveCfg = Release|Any CPU
		{ED611745-A96E-41E0-ACEB-CD5CA23288C2}.Release|Any CPU.Build.0 = Release|Any CPU
		{ED611745-A96E-41E0-ACEB-CD5CA23288C2}.Release|Any CPU.Deploy.0 = Release|Any CPU
		{15E427A6-7872-44C2-8EBB-0A99FBBCB99B}.Debug|Any CPU.ActiveCfg = Debug|Any CPU
		{15E427A6-7872-44C2-8EBB-0A99FBBCB99B}.Release|Any CPU.ActiveCfg = Release|Any CPU
		{15E427A6-7872-44C2-8EBB-0A99FBBCB99B}.Release|Any CPU.Build.0 = Release|Any CPU
		{15E427A6-7872-44C2-8EBB-0A99FBBCB99B}.Release|Any CPU.Deploy.0 = Release|Any CPU
		{06C9DD04-908D-421E-B37D-F31091A24C61}.Debug|Any CPU.ActiveCfg = Debug|Any CPU
		{06C9DD04-908D-421E-B37D-F31091A24C61}.Release|Any CPU.ActiveCfg = Release|Any CPU
		{06C9DD04-908D-421E-B37D-F31091A24C61}.Release|Any CPU.Build.0 = Release|Any CPU
		{06C9DD04-908D-421E-B37D-F31091A24C61}.Release|Any CPU.Deploy.0 = Release|Any CPU
		{44D9E987-3BB9-4EB2-B189-BFAF7C4257F9}.Debug|Any CPU.ActiveCfg = Debug|Any CPU
		{44D9E987-3BB9-4EB2-B189-BFAF7C4257F9}.Release|Any CPU.ActiveCfg = Release|Any CPU
		{44D9E987-3BB9-4EB2-B189-BFAF7C4257F9}.Release|Any CPU.Build.0 = Release|Any CPU
		{44D9E987-3BB9-4EB2-B189-BFAF7C4257F9}.Release|Any CPU.Deploy.0 = Release|Any CPU
		{66BF435C-F0BB-41BB-945C-12EE74F38269}.Debug|Any CPU.ActiveCfg = Debug|Any CPU
		{66BF435C-F0BB-41BB-945C-12EE74F38269}.Release|Any CPU.ActiveCfg = Release|Any CPU
		{66BF435C-F0BB-41BB-945C-12EE74F38269}.Release|Any CPU.Build.0 = Release|Any CPU
		{66BF435C-F0BB-41BB-945C-12EE74F38269}.Release|Any CPU.Deploy.0 = Release|Any CPU
		{50C26140-0AD4-439C-B771-21911B038A69}.Debug|Any CPU.ActiveCfg = Debug|Any CPU
		{50C26140-0AD4-439C-B771-21911B038A69}.Release|Any CPU.ActiveCfg = Release|Any CPU
		{50C26140-0AD4-439C-B771-21911B038A69}.Release|Any CPU.Build.0 = Release|Any CPU
		{50C26140-0AD4-439C-B771-21911B038A69}.Release|Any CPU.Deploy.0 = Release|Any CPU
		{AA3DD3C3-8B3B-4399-BF31-1E1DB98A7863}.Debug|Any CPU.ActiveCfg = Debug|Any CPU
		{AA3DD3C3-8B3B-4399-BF31-1E1DB98A7863}.Debug|Any CPU.Build.0 = Debug|Any CPU
		{AA3DD3C3-8B3B-4399-BF31-1E1DB98A7863}.Debug|Any CPU.Deploy.0 = Debug|Any CPU
		{AA3DD3C3-8B3B-4399-BF31-1E1DB98A7863}.Release|Any CPU.ActiveCfg = Release|Any CPU
		{AA3DD3C3-8B3B-4399-BF31-1E1DB98A7863}.Release|Any CPU.Build.0 = Release|Any CPU
		{AA3DD3C3-8B3B-4399-BF31-1E1DB98A7863}.Release|Any CPU.Deploy.0 = Release|Any CPU
		{C69EE820-85E3-4198-BF3D-6A5E07D59304}.Debug|Any CPU.ActiveCfg = Debug|Any CPU
		{C69EE820-85E3-4198-BF3D-6A5E07D59304}.Release|Any CPU.ActiveCfg = Release|Any CPU
		{C69EE820-85E3-4198-BF3D-6A5E07D59304}.Release|Any CPU.Build.0 = Release|Any CPU
		{C69EE820-85E3-4198-BF3D-6A5E07D59304}.Release|Any CPU.Deploy.0 = Release|Any CPU
		{93ADC6D4-5FD3-42FF-A514-16AD79FF2490}.Debug|Any CPU.ActiveCfg = Debug|Any CPU
		{93ADC6D4-5FD3-42FF-A514-16AD79FF2490}.Release|Any CPU.ActiveCfg = Release|Any CPU
		{93ADC6D4-5FD3-42FF-A514-16AD79FF2490}.Release|Any CPU.Build.0 = Release|Any CPU
		{93ADC6D4-5FD3-42FF-A514-16AD79FF2490}.Release|Any CPU.Deploy.0 = Release|Any CPU
		{27858F6C-38AE-4D28-96FB-8F8C6B3249AC}.Debug|Any CPU.ActiveCfg = Debug|Any CPU
		{27858F6C-38AE-4D28-96FB-8F8C6B3249AC}.Release|Any CPU.ActiveCfg = Release|Any CPU
		{27858F6C-38AE-4D28-96FB-8F8C6B3249AC}.Release|Any CPU.Build.0 = Release|Any CPU
		{27858F6C-38AE-4D28-96FB-8F8C6B3249AC}.Release|Any CPU.Deploy.0 = Release|Any CPU
		{CDDFD271-0136-4792-8D89-EE47998D4C5D}.Debug|Any CPU.ActiveCfg = Debug|Any CPU
		{CDDFD271-0136-4792-8D89-EE47998D4C5D}.Release|Any CPU.ActiveCfg = Release|Any CPU
		{CDDFD271-0136-4792-8D89-EE47998D4C5D}.Release|Any CPU.Build.0 = Release|Any CPU
		{CDDFD271-0136-4792-8D89-EE47998D4C5D}.Release|Any CPU.Deploy.0 = Release|Any CPU
		{67CD2B6C-E71A-4A98-9C7C-B88109ABE158}.Debug|Any CPU.ActiveCfg = Debug|Any CPU
		{67CD2B6C-E71A-4A98-9C7C-B88109ABE158}.Release|Any CPU.ActiveCfg = Release|Any CPU
		{67CD2B6C-E71A-4A98-9C7C-B88109ABE158}.Release|Any CPU.Build.0 = Release|Any CPU
		{67CD2B6C-E71A-4A98-9C7C-B88109ABE158}.Release|Any CPU.Deploy.0 = Release|Any CPU
		{BE7B95D5-087C-45F8-8197-4B438BEDFE11}.Debug|Any CPU.ActiveCfg = Debug|Any CPU
		{BE7B95D5-087C-45F8-8197-4B438BEDFE11}.Release|Any CPU.ActiveCfg = Release|Any CPU
		{BE7B95D5-087C-45F8-8197-4B438BEDFE11}.Release|Any CPU.Build.0 = Release|Any CPU
		{BE7B95D5-087C-45F8-8197-4B438BEDFE11}.Release|Any CPU.Deploy.0 = Release|Any CPU
		{0ABBD655-2F68-4F7D-A66F-A552EA812EB1}.Debug|Any CPU.ActiveCfg = Debug|Any CPU
		{0ABBD655-2F68-4F7D-A66F-A552EA812EB1}.Release|Any CPU.ActiveCfg = Release|Any CPU
		{0ABBD655-2F68-4F7D-A66F-A552EA812EB1}.Release|Any CPU.Build.0 = Release|Any CPU
		{0ABBD655-2F68-4F7D-A66F-A552EA812EB1}.Release|Any CPU.Deploy.0 = Release|Any CPU
		{BA878982-F141-426F-8A8C-9033DCF5741D}.Debug|Any CPU.ActiveCfg = Debug|Any CPU
		{BA878982-F141-426F-8A8C-9033DCF5741D}.Release|Any CPU.ActiveCfg = Release|Any CPU
		{BA878982-F141-426F-8A8C-9033DCF5741D}.Release|Any CPU.Build.0 = Release|Any CPU
		{BA878982-F141-426F-8A8C-9033DCF5741D}.Release|Any CPU.Deploy.0 = Release|Any CPU
		{4C4AA37C-19D9-4C41-ADD0-BA83A0E593DA}.Debug|Any CPU.ActiveCfg = Debug|Any CPU
		{4C4AA37C-19D9-4C41-ADD0-BA83A0E593DA}.Release|Any CPU.ActiveCfg = Release|Any CPU
		{4C4AA37C-19D9-4C41-ADD0-BA83A0E593DA}.Release|Any CPU.Build.0 = Release|Any CPU
		{4C4AA37C-19D9-4C41-ADD0-BA83A0E593DA}.Release|Any CPU.Deploy.0 = Release|Any CPU
		{ADEC287F-9989-40D3-A560-D918B90FFB03}.Debug|Any CPU.ActiveCfg = Debug|Any CPU
		{ADEC287F-9989-40D3-A560-D918B90FFB03}.Release|Any CPU.ActiveCfg = Release|Any CPU
		{ADEC287F-9989-40D3-A560-D918B90FFB03}.Release|Any CPU.Build.0 = Release|Any CPU
		{ADEC287F-9989-40D3-A560-D918B90FFB03}.Release|Any CPU.Deploy.0 = Release|Any CPU
		{F81E8742-76B7-484D-B8C0-1D145207100A}.Debug|Any CPU.ActiveCfg = Debug|Any CPU
		{F81E8742-76B7-484D-B8C0-1D145207100A}.Release|Any CPU.ActiveCfg = Release|Any CPU
		{F81E8742-76B7-484D-B8C0-1D145207100A}.Release|Any CPU.Build.0 = Release|Any CPU
		{F81E8742-76B7-484D-B8C0-1D145207100A}.Release|Any CPU.Deploy.0 = Release|Any CPU
		{BBF66846-90F8-43FE-9B2E-1AC3F25A7D13}.Debug|Any CPU.ActiveCfg = Debug|Any CPU
		{BBF66846-90F8-43FE-9B2E-1AC3F25A7D13}.Release|Any CPU.ActiveCfg = Release|Any CPU
		{BBF66846-90F8-43FE-9B2E-1AC3F25A7D13}.Release|Any CPU.Build.0 = Release|Any CPU
		{BBF66846-90F8-43FE-9B2E-1AC3F25A7D13}.Release|Any CPU.Deploy.0 = Release|Any CPU
		{393CC45B-2C68-43EE-8CB6-6EB54A6BC1E3}.Debug|Any CPU.ActiveCfg = Debug|Any CPU
		{393CC45B-2C68-43EE-8CB6-6EB54A6BC1E3}.Release|Any CPU.ActiveCfg = Release|Any CPU
		{393CC45B-2C68-43EE-8CB6-6EB54A6BC1E3}.Release|Any CPU.Build.0 = Release|Any CPU
		{393CC45B-2C68-43EE-8CB6-6EB54A6BC1E3}.Release|Any CPU.Deploy.0 = Release|Any CPU
	EndGlobalSection
	GlobalSection(SolutionProperties) = preSolution
		HideSolutionNode = FALSE
	EndGlobalSection
	GlobalSection(NestedProjects) = preSolution
		{AA3DD3C3-8B3B-4399-BF31-1E1DB98A7863} = {8E31090B-A4B7-4BA4-8FFA-48D381432811}
		{C69EE820-85E3-4198-BF3D-6A5E07D59304} = {8E31090B-A4B7-4BA4-8FFA-48D381432811}
		{CDDFD271-0136-4792-8D89-EE47998D4C5D} = {D14750ED-4AFD-4BE3-9919-1BA5D2D5E13F}
		{67CD2B6C-E71A-4A98-9C7C-B88109ABE158} = {D14750ED-4AFD-4BE3-9919-1BA5D2D5E13F}
		{BE7B95D5-087C-45F8-8197-4B438BEDFE11} = {D14750ED-4AFD-4BE3-9919-1BA5D2D5E13F}
		{0ABBD655-2F68-4F7D-A66F-A552EA812EB1} = {D14750ED-4AFD-4BE3-9919-1BA5D2D5E13F}
		{BA878982-F141-426F-8A8C-9033DCF5741D} = {D14750ED-4AFD-4BE3-9919-1BA5D2D5E13F}
		{4C4AA37C-19D9-4C41-ADD0-BA83A0E593DA} = {D14750ED-4AFD-4BE3-9919-1BA5D2D5E13F}
		{ADEC287F-9989-40D3-A560-D918B90FFB03} = {D14750ED-4AFD-4BE3-9919-1BA5D2D5E13F}
		{BBF66846-90F8-43FE-9B2E-1AC3F25A7D13} = {8E31090B-A4B7-4BA4-8FFA-48D381432811}
	EndGlobalSection
	GlobalSection(ExtensibilityGlobals) = postSolution
		SolutionGuid = {17DA9645-7269-4FD4-8AF3-9C8F534FEFFF}
	EndGlobalSection
EndGlobal
